
Microsoft Visual Studio Solution File, Format Version 12.00
# Visual Studio Version 16
VisualStudioVersion = 16.0.29806.167
MinimumVisualStudioVersion = 10.0.40219.1
Project("{9A19103F-16F7-4668-BE54-9A1E7A4F7556}") = "Konsolenanwendung", "Konsolenanwendung\Konsolenanwendung.csproj", "{A161CCA6-3D8E-4E91-AE1C-B9CBB0240581}"
EndProject
Project("{9A19103F-16F7-4668-BE54-9A1E7A4F7556}") = "CoreLibrary", "CoreLibrary\CoreLibrary.csproj", "{5B481211-81BA-4F46-8B95-87232E8E6CFA}"
EndProject
Project("{9A19103F-16F7-4668-BE54-9A1E7A4F7556}") = "UnitTestProject1", "UnitTestProject1\UnitTestProject1.csproj", "{AEDEAF6E-FBDF-4085-A18E-7C2E6CF7B52A}"
EndProject
Project("{9A19103F-16F7-4668-BE54-9A1E7A4F7556}") = "Archiving", "Archiving\Archiving.csproj", "{573A8553-4C91-44A9-BDB3-9379FE49D88D}"
EndProject
Project("{9A19103F-16F7-4668-BE54-9A1E7A4F7556}") = "ZebraDesktop", "ZebraDesktop\ZebraDesktop.csproj", "{E1E7F1E8-F361-410C-9D76-1A1823DECD62}"
EndProject
Project("{9A19103F-16F7-4668-BE54-9A1E7A4F7556}") = "PdfiumLight", "D:\Dokumente\Visual Studio 2019\Projects\PDFium Light\PdfiumLight.csproj", "{7114A63D-CD30-4B65-9BB5-2251363ABB42}"
EndProject
Project("{9A19103F-16F7-4668-BE54-9A1E7A4F7556}") = "PDFtkSharp", "D:\Dokumente\Visual Studio 2019\Projects\PDFtkSharp\PDFtkSharp\PDFtkSharp.csproj", "{FEE68FE3-33D9-455C-8EBA-83EE91F7A29B}"
EndProject
Project("{FAE04EC0-301F-11D3-BF4B-00C04F79EFBC}") = "PdfHandling", "PdfHandling\PdfHandling.csproj", "{9CFD3E44-2613-41F2-97F9-74BC53540CDE}"
EndProject
Global
	GlobalSection(SolutionConfigurationPlatforms) = preSolution
		Debug|Any CPU = Debug|Any CPU
		Release|Any CPU = Release|Any CPU
	EndGlobalSection
	GlobalSection(ProjectConfigurationPlatforms) = postSolution
		{A161CCA6-3D8E-4E91-AE1C-B9CBB0240581}.Debug|Any CPU.ActiveCfg = Debug|Any CPU
		{A161CCA6-3D8E-4E91-AE1C-B9CBB0240581}.Debug|Any CPU.Build.0 = Debug|Any CPU
		{A161CCA6-3D8E-4E91-AE1C-B9CBB0240581}.Release|Any CPU.ActiveCfg = Release|Any CPU
		{A161CCA6-3D8E-4E91-AE1C-B9CBB0240581}.Release|Any CPU.Build.0 = Release|Any CPU
		{5B481211-81BA-4F46-8B95-87232E8E6CFA}.Debug|Any CPU.ActiveCfg = Debug|Any CPU
		{5B481211-81BA-4F46-8B95-87232E8E6CFA}.Debug|Any CPU.Build.0 = Debug|Any CPU
		{5B481211-81BA-4F46-8B95-87232E8E6CFA}.Release|Any CPU.ActiveCfg = Release|Any CPU
		{5B481211-81BA-4F46-8B95-87232E8E6CFA}.Release|Any CPU.Build.0 = Release|Any CPU
		{AEDEAF6E-FBDF-4085-A18E-7C2E6CF7B52A}.Debug|Any CPU.ActiveCfg = Debug|Any CPU
		{AEDEAF6E-FBDF-4085-A18E-7C2E6CF7B52A}.Debug|Any CPU.Build.0 = Debug|Any CPU
		{AEDEAF6E-FBDF-4085-A18E-7C2E6CF7B52A}.Release|Any CPU.ActiveCfg = Release|Any CPU
		{AEDEAF6E-FBDF-4085-A18E-7C2E6CF7B52A}.Release|Any CPU.Build.0 = Release|Any CPU
		{573A8553-4C91-44A9-BDB3-9379FE49D88D}.Debug|Any CPU.ActiveCfg = Debug|Any CPU
		{573A8553-4C91-44A9-BDB3-9379FE49D88D}.Debug|Any CPU.Build.0 = Debug|Any CPU
		{573A8553-4C91-44A9-BDB3-9379FE49D88D}.Release|Any CPU.ActiveCfg = Release|Any CPU
		{573A8553-4C91-44A9-BDB3-9379FE49D88D}.Release|Any CPU.Build.0 = Release|Any CPU
		{E1E7F1E8-F361-410C-9D76-1A1823DECD62}.Debug|Any CPU.ActiveCfg = Debug|Any CPU
		{E1E7F1E8-F361-410C-9D76-1A1823DECD62}.Debug|Any CPU.Build.0 = Debug|Any CPU
		{E1E7F1E8-F361-410C-9D76-1A1823DECD62}.Release|Any CPU.ActiveCfg = Release|Any CPU
		{E1E7F1E8-F361-410C-9D76-1A1823DECD62}.Release|Any CPU.Build.0 = Release|Any CPU
		{7114A63D-CD30-4B65-9BB5-2251363ABB42}.Debug|Any CPU.ActiveCfg = Debug|Any CPU
		{7114A63D-CD30-4B65-9BB5-2251363ABB42}.Debug|Any CPU.Build.0 = Debug|Any CPU
		{7114A63D-CD30-4B65-9BB5-2251363ABB42}.Release|Any CPU.ActiveCfg = Release|Any CPU
		{7114A63D-CD30-4B65-9BB5-2251363ABB42}.Release|Any CPU.Build.0 = Release|Any CPU
		{FEE68FE3-33D9-455C-8EBA-83EE91F7A29B}.Debug|Any CPU.ActiveCfg = Debug|Any CPU
		{FEE68FE3-33D9-455C-8EBA-83EE91F7A29B}.Debug|Any CPU.Build.0 = Debug|Any CPU
		{FEE68FE3-33D9-455C-8EBA-83EE91F7A29B}.Release|Any CPU.ActiveCfg = Release|Any CPU
		{FEE68FE3-33D9-455C-8EBA-83EE91F7A29B}.Release|Any CPU.Build.0 = Release|Any CPU
		{9CFD3E44-2613-41F2-97F9-74BC53540CDE}.Debug|Any CPU.ActiveCfg = Debug|Any CPU
		{9CFD3E44-2613-41F2-97F9-74BC53540CDE}.Debug|Any CPU.Build.0 = Debug|Any CPU
		{9CFD3E44-2613-41F2-97F9-74BC53540CDE}.Release|Any CPU.ActiveCfg = Release|Any CPU
		{9CFD3E44-2613-41F2-97F9-74BC53540CDE}.Release|Any CPU.Build.0 = Release|Any CPU
	EndGlobalSection
	GlobalSection(SolutionProperties) = preSolution
		HideSolutionNode = FALSE
	EndGlobalSection
	GlobalSection(ExtensibilityGlobals) = postSolution
		SolutionGuid = {EC79BE43-8C2A-4C4C-ACD7-18666242CFBD}
	EndGlobalSection
EndGlobal
