
Microsoft Visual Studio Solution File, Format Version 12.00
# Visual Studio Version 17
VisualStudioVersion = 17.2.32630.192
MinimumVisualStudioVersion = 10.0.40219.1
Project("{9A19103F-16F7-4668-BE54-9A1E7A4F7556}") = "Konsolenanwendung", "Konsolenanwendung\Konsolenanwendung.csproj", "{A161CCA6-3D8E-4E91-AE1C-B9CBB0240581}"
EndProject
Project("{9A19103F-16F7-4668-BE54-9A1E7A4F7556}") = "CoreLibrary", "CoreLibrary\CoreLibrary.csproj", "{5B481211-81BA-4F46-8B95-87232E8E6CFA}"
EndProject
Project("{9A19103F-16F7-4668-BE54-9A1E7A4F7556}") = "ZebraDesktop", "ZebraDesktop\ZebraDesktop.csproj", "{E1E7F1E8-F361-410C-9D76-1A1823DECD62}"
EndProject
Project("{9A19103F-16F7-4668-BE54-9A1E7A4F7556}") = "ZebraServer", "ZebraServer\ZebraServer.csproj", "{B8F6A808-DE33-484E-AE87-F9F1AB97F925}"
EndProject
Project("{FAE04EC0-301F-11D3-BF4B-00C04F79EFBC}") = "PdfiumLight", "PdfiumLight\PdfiumLight.csproj", "{739546C8-7A3A-4DB9-842B-A1F398F3F2AD}"
EndProject
Global
	GlobalSection(SolutionConfigurationPlatforms) = preSolution
		Debug|Any CPU = Debug|Any CPU
		Release|Any CPU = Release|Any CPU
	EndGlobalSection
	GlobalSection(ProjectConfigurationPlatforms) = postSolution
		{A161CCA6-3D8E-4E91-AE1C-B9CBB0240581}.Debug|Any CPU.ActiveCfg = Debug|Any CPU
		{A161CCA6-3D8E-4E91-AE1C-B9CBB0240581}.Debug|Any CPU.Build.0 = Debug|Any CPU
		{A161CCA6-3D8E-4E91-AE1C-B9CBB0240581}.Release|Any CPU.ActiveCfg = Release|Any CPU
		{A161CCA6-3D8E-4E91-AE1C-B9CBB0240581}.Release|Any CPU.Build.0 = Release|Any CPU
		{5B481211-81BA-4F46-8B95-87232E8E6CFA}.Debug|Any CPU.ActiveCfg = Debug|Any CPU
		{5B481211-81BA-4F46-8B95-87232E8E6CFA}.Debug|Any CPU.Build.0 = Debug|Any CPU
		{5B481211-81BA-4F46-8B95-87232E8E6CFA}.Release|Any CPU.ActiveCfg = Release|Any CPU
		{5B481211-81BA-4F46-8B95-87232E8E6CFA}.Release|Any CPU.Build.0 = Release|Any CPU
		{E1E7F1E8-F361-410C-9D76-1A1823DECD62}.Debug|Any CPU.ActiveCfg = Debug|Any CPU
		{E1E7F1E8-F361-410C-9D76-1A1823DECD62}.Debug|Any CPU.Build.0 = Debug|Any CPU
		{E1E7F1E8-F361-410C-9D76-1A1823DECD62}.Release|Any CPU.ActiveCfg = Release|Any CPU
		{E1E7F1E8-F361-410C-9D76-1A1823DECD62}.Release|Any CPU.Build.0 = Release|Any CPU
		{B8F6A808-DE33-484E-AE87-F9F1AB97F925}.Debug|Any CPU.ActiveCfg = Debug|Any CPU
		{B8F6A808-DE33-484E-AE87-F9F1AB97F925}.Debug|Any CPU.Build.0 = Debug|Any CPU
		{B8F6A808-DE33-484E-AE87-F9F1AB97F925}.Release|Any CPU.ActiveCfg = Release|Any CPU
		{B8F6A808-DE33-484E-AE87-F9F1AB97F925}.Release|Any CPU.Build.0 = Release|Any CPU
		{739546C8-7A3A-4DB9-842B-A1F398F3F2AD}.Debug|Any CPU.ActiveCfg = Debug|Any CPU
		{739546C8-7A3A-4DB9-842B-A1F398F3F2AD}.Debug|Any CPU.Build.0 = Debug|Any CPU
		{739546C8-7A3A-4DB9-842B-A1F398F3F2AD}.Release|Any CPU.ActiveCfg = Release|Any CPU
		{739546C8-7A3A-4DB9-842B-A1F398F3F2AD}.Release|Any CPU.Build.0 = Release|Any CPU
	EndGlobalSection
	GlobalSection(SolutionProperties) = preSolution
		HideSolutionNode = FALSE
	EndGlobalSection
	GlobalSection(ExtensibilityGlobals) = postSolution
		SolutionGuid = {EC79BE43-8C2A-4C4C-ACD7-18666242CFBD}
	EndGlobalSection
EndGlobal
